// !$*UTF8*$!
{
	archiveVersion = 1;
	classes = {
	};
	objectVersion = 46;
	objects = {

/* Begin PBXBuildFile section */
		82240D0B187BA33E00C05037 /* Foundation.framework in Frameworks */ = {isa = PBXBuildFile; fileRef = 82240D0A187BA33E00C05037 /* Foundation.framework */; };
		82240D0D187BA33E00C05037 /* CoreGraphics.framework in Frameworks */ = {isa = PBXBuildFile; fileRef = 82240D0C187BA33E00C05037 /* CoreGraphics.framework */; };
		82240D0F187BA33E00C05037 /* UIKit.framework in Frameworks */ = {isa = PBXBuildFile; fileRef = 82240D0E187BA33E00C05037 /* UIKit.framework */; };
		82240D15187BA33E00C05037 /* InfoPlist.strings in Resources */ = {isa = PBXBuildFile; fileRef = 82240D13187BA33E00C05037 /* InfoPlist.strings */; };
		82240D17187BA33E00C05037 /* main.m in Sources */ = {isa = PBXBuildFile; fileRef = 82240D16187BA33E00C05037 /* main.m */; };
		82240D1B187BA33E00C05037 /* AppDelegate.m in Sources */ = {isa = PBXBuildFile; fileRef = 82240D1A187BA33E00C05037 /* AppDelegate.m */; };
		82240D1E187BA33E00C05037 /* Main.storyboard in Resources */ = {isa = PBXBuildFile; fileRef = 82240D1C187BA33E00C05037 /* Main.storyboard */; };
		82240D21187BA33E00C05037 /* MasterViewController.m in Sources */ = {isa = PBXBuildFile; fileRef = 82240D20187BA33E00C05037 /* MasterViewController.m */; };
		82240D24187BA33E00C05037 /* DetailViewController.m in Sources */ = {isa = PBXBuildFile; fileRef = 82240D23187BA33E00C05037 /* DetailViewController.m */; };
		82240D26187BA33E00C05037 /* Images.xcassets in Resources */ = {isa = PBXBuildFile; fileRef = 82240D25187BA33E00C05037 /* Images.xcassets */; };
		82240D2D187BA33F00C05037 /* XCTest.framework in Frameworks */ = {isa = PBXBuildFile; fileRef = 82240D2C187BA33F00C05037 /* XCTest.framework */; };
		82240D2E187BA33F00C05037 /* Foundation.framework in Frameworks */ = {isa = PBXBuildFile; fileRef = 82240D0A187BA33E00C05037 /* Foundation.framework */; };
		82240D2F187BA33F00C05037 /* UIKit.framework in Frameworks */ = {isa = PBXBuildFile; fileRef = 82240D0E187BA33E00C05037 /* UIKit.framework */; };
		82240D37187BA33F00C05037 /* InfoPlist.strings in Resources */ = {isa = PBXBuildFile; fileRef = 82240D35187BA33F00C05037 /* InfoPlist.strings */; };
		82240D39187BA33F00C05037 /* SampleiOSProjectTests.m in Sources */ = {isa = PBXBuildFile; fileRef = 82240D38187BA33F00C05037 /* SampleiOSProjectTests.m */; };
/* End PBXBuildFile section */

/* Begin PBXContainerItemProxy section */
		82240D30187BA33F00C05037 /* PBXContainerItemProxy */ = {
			isa = PBXContainerItemProxy;
			containerPortal = 82240CFF187BA33E00C05037 /* Project object */;
			proxyType = 1;
			remoteGlobalIDString = 82240D06187BA33E00C05037;
			remoteInfo = SampleiOSProject;
		};
/* End PBXContainerItemProxy section */

/* Begin PBXFileReference section */
		82240D07187BA33E00C05037 /* SampleiOSProject.app */ = {isa = PBXFileReference; explicitFileType = wrapper.application; includeInIndex = 0; path = SampleiOSProject.app; sourceTree = BUILT_PRODUCTS_DIR; };
		82240D0A187BA33E00C05037 /* Foundation.framework */ = {isa = PBXFileReference; lastKnownFileType = wrapper.framework; name = Foundation.framework; path = System/Library/Frameworks/Foundation.framework; sourceTree = SDKROOT; };
		82240D0C187BA33E00C05037 /* CoreGraphics.framework */ = {isa = PBXFileReference; lastKnownFileType = wrapper.framework; name = CoreGraphics.framework; path = System/Library/Frameworks/CoreGraphics.framework; sourceTree = SDKROOT; };
		82240D0E187BA33E00C05037 /* UIKit.framework */ = {isa = PBXFileReference; lastKnownFileType = wrapper.framework; name = UIKit.framework; path = System/Library/Frameworks/UIKit.framework; sourceTree = SDKROOT; };
		82240D12187BA33E00C05037 /* SampleiOSProject-Info.plist */ = {isa = PBXFileReference; lastKnownFileType = text.plist.xml; path = "SampleiOSProject-Info.plist"; sourceTree = "<group>"; };
		82240D14187BA33E00C05037 /* en */ = {isa = PBXFileReference; lastKnownFileType = text.plist.strings; name = en; path = en.lproj/InfoPlist.strings; sourceTree = "<group>"; };
		82240D16187BA33E00C05037 /* main.m */ = {isa = PBXFileReference; lastKnownFileType = sourcecode.c.objc; path = main.m; sourceTree = "<group>"; };
		82240D18187BA33E00C05037 /* SampleiOSProject-Prefix.pch */ = {isa = PBXFileReference; lastKnownFileType = sourcecode.c.h; path = "SampleiOSProject-Prefix.pch"; sourceTree = "<group>"; };
		82240D19187BA33E00C05037 /* AppDelegate.h */ = {isa = PBXFileReference; lastKnownFileType = sourcecode.c.h; path = AppDelegate.h; sourceTree = "<group>"; };
		82240D1A187BA33E00C05037 /* AppDelegate.m */ = {isa = PBXFileReference; lastKnownFileType = sourcecode.c.objc; path = AppDelegate.m; sourceTree = "<group>"; };
		82240D1D187BA33E00C05037 /* Base */ = {isa = PBXFileReference; lastKnownFileType = file.storyboard; name = Base; path = Base.lproj/Main.storyboard; sourceTree = "<group>"; };
		82240D1F187BA33E00C05037 /* MasterViewController.h */ = {isa = PBXFileReference; lastKnownFileType = sourcecode.c.h; path = MasterViewController.h; sourceTree = "<group>"; };
		82240D20187BA33E00C05037 /* MasterViewController.m */ = {isa = PBXFileReference; lastKnownFileType = sourcecode.c.objc; path = MasterViewController.m; sourceTree = "<group>"; };
		82240D22187BA33E00C05037 /* DetailViewController.h */ = {isa = PBXFileReference; lastKnownFileType = sourcecode.c.h; path = DetailViewController.h; sourceTree = "<group>"; };
		82240D23187BA33E00C05037 /* DetailViewController.m */ = {isa = PBXFileReference; lastKnownFileType = sourcecode.c.objc; path = DetailViewController.m; sourceTree = "<group>"; };
		82240D25187BA33E00C05037 /* Images.xcassets */ = {isa = PBXFileReference; lastKnownFileType = folder.assetcatalog; path = Images.xcassets; sourceTree = "<group>"; };
		82240D2B187BA33F00C05037 /* SampleiOSProjectTests.xctest */ = {isa = PBXFileReference; explicitFileType = wrapper.cfbundle; includeInIndex = 0; path = SampleiOSProjectTests.xctest; sourceTree = BUILT_PRODUCTS_DIR; };
		82240D2C187BA33F00C05037 /* XCTest.framework */ = {isa = PBXFileReference; lastKnownFileType = wrapper.framework; name = XCTest.framework; path = Library/Frameworks/XCTest.framework; sourceTree = DEVELOPER_DIR; };
		82240D34187BA33F00C05037 /* SampleiOSProjectTests-Info.plist */ = {isa = PBXFileReference; lastKnownFileType = text.plist.xml; path = "SampleiOSProjectTests-Info.plist"; sourceTree = "<group>"; };
		82240D36187BA33F00C05037 /* en */ = {isa = PBXFileReference; lastKnownFileType = text.plist.strings; name = en; path = en.lproj/InfoPlist.strings; sourceTree = "<group>"; };
		82240D38187BA33F00C05037 /* SampleiOSProjectTests.m */ = {isa = PBXFileReference; lastKnownFileType = sourcecode.c.objc; path = SampleiOSProjectTests.m; sourceTree = "<group>"; };
/* End PBXFileReference section */

/* Begin PBXFrameworksBuildPhase section */
		82240D04187BA33E00C05037 /* Frameworks */ = {
			isa = PBXFrameworksBuildPhase;
			buildActionMask = 2147483647;
			files = (
				82240D0D187BA33E00C05037 /* CoreGraphics.framework in Frameworks */,
				82240D0F187BA33E00C05037 /* UIKit.framework in Frameworks */,
				82240D0B187BA33E00C05037 /* Foundation.framework in Frameworks */,
			);
			runOnlyForDeploymentPostprocessing = 0;
		};
		82240D28187BA33F00C05037 /* Frameworks */ = {
			isa = PBXFrameworksBuildPhase;
			buildActionMask = 2147483647;
			files = (
				82240D2D187BA33F00C05037 /* XCTest.framework in Frameworks */,
				82240D2F187BA33F00C05037 /* UIKit.framework in Frameworks */,
				82240D2E187BA33F00C05037 /* Foundation.framework in Frameworks */,
			);
			runOnlyForDeploymentPostprocessing = 0;
		};
/* End PBXFrameworksBuildPhase section */

/* Begin PBXGroup section */
		82240CFE187BA33E00C05037 = {
			isa = PBXGroup;
			children = (
				82240D10187BA33E00C05037 /* SampleiOSProject */,
				82240D32187BA33F00C05037 /* SampleiOSProjectTests */,
				82240D09187BA33E00C05037 /* Frameworks */,
				82240D08187BA33E00C05037 /* Products */,
			);
			sourceTree = "<group>";
		};
		82240D08187BA33E00C05037 /* Products */ = {
			isa = PBXGroup;
			children = (
				82240D07187BA33E00C05037 /* SampleiOSProject.app */,
				82240D2B187BA33F00C05037 /* SampleiOSProjectTests.xctest */,
			);
			name = Products;
			sourceTree = "<group>";
		};
		82240D09187BA33E00C05037 /* Frameworks */ = {
			isa = PBXGroup;
			children = (
				82240D0A187BA33E00C05037 /* Foundation.framework */,
				82240D0C187BA33E00C05037 /* CoreGraphics.framework */,
				82240D0E187BA33E00C05037 /* UIKit.framework */,
				82240D2C187BA33F00C05037 /* XCTest.framework */,
			);
			name = Frameworks;
			sourceTree = "<group>";
		};
		82240D10187BA33E00C05037 /* SampleiOSProject */ = {
			isa = PBXGroup;
			children = (
				82240D19187BA33E00C05037 /* AppDelegate.h */,
				82240D1A187BA33E00C05037 /* AppDelegate.m */,
				82240D1C187BA33E00C05037 /* Main.storyboard */,
				82240D1F187BA33E00C05037 /* MasterViewController.h */,
				82240D20187BA33E00C05037 /* MasterViewController.m */,
				82240D22187BA33E00C05037 /* DetailViewController.h */,
				82240D23187BA33E00C05037 /* DetailViewController.m */,
				82240D25187BA33E00C05037 /* Images.xcassets */,
				82240D11187BA33E00C05037 /* Supporting Files */,
			);
			path = SampleiOSProject;
			sourceTree = "<group>";
		};
		82240D11187BA33E00C05037 /* Supporting Files */ = {
			isa = PBXGroup;
			children = (
				82240D12187BA33E00C05037 /* SampleiOSProject-Info.plist */,
				82240D13187BA33E00C05037 /* InfoPlist.strings */,
				82240D16187BA33E00C05037 /* main.m */,
				82240D18187BA33E00C05037 /* SampleiOSProject-Prefix.pch */,
			);
			name = "Supporting Files";
			sourceTree = "<group>";
		};
		82240D32187BA33F00C05037 /* SampleiOSProjectTests */ = {
			isa = PBXGroup;
			children = (
				82240D38187BA33F00C05037 /* SampleiOSProjectTests.m */,
				82240D33187BA33F00C05037 /* Supporting Files */,
			);
			path = SampleiOSProjectTests;
			sourceTree = "<group>";
		};
		82240D33187BA33F00C05037 /* Supporting Files */ = {
			isa = PBXGroup;
			children = (
				82240D34187BA33F00C05037 /* SampleiOSProjectTests-Info.plist */,
				82240D35187BA33F00C05037 /* InfoPlist.strings */,
			);
			name = "Supporting Files";
			sourceTree = "<group>";
		};
/* End PBXGroup section */

/* Begin PBXNativeTarget section */
		82240D06187BA33E00C05037 /* SampleiOSProject */ = {
			isa = PBXNativeTarget;
			buildConfigurationList = 82240D3C187BA33F00C05037 /* Build configuration list for PBXNativeTarget "SampleiOSProject" */;
			buildPhases = (
				82240D03187BA33E00C05037 /* Sources */,
				82240D04187BA33E00C05037 /* Frameworks */,
				82240D05187BA33E00C05037 /* Resources */,
			);
			buildRules = (
			);
			dependencies = (
			);
			name = SampleiOSProject;
			productName = SampleiOSProject;
			productReference = 82240D07187BA33E00C05037 /* SampleiOSProject.app */;
			productType = "com.apple.product-type.application";
		};
		82240D2A187BA33F00C05037 /* SampleiOSProjectTests */ = {
			isa = PBXNativeTarget;
			buildConfigurationList = 82240D3F187BA33F00C05037 /* Build configuration list for PBXNativeTarget "SampleiOSProjectTests" */;
			buildPhases = (
				82240D27187BA33F00C05037 /* Sources */,
				82240D28187BA33F00C05037 /* Frameworks */,
				82240D29187BA33F00C05037 /* Resources */,
			);
			buildRules = (
			);
			dependencies = (
				82240D31187BA33F00C05037 /* PBXTargetDependency */,
			);
			name = SampleiOSProjectTests;
			productName = SampleiOSProjectTests;
			productReference = 82240D2B187BA33F00C05037 /* SampleiOSProjectTests.xctest */;
			productType = "com.apple.product-type.bundle.unit-test";
		};
/* End PBXNativeTarget section */

/* Begin PBXProject section */
		82240CFF187BA33E00C05037 /* Project object */ = {
			isa = PBXProject;
			attributes = {
				LastUpgradeCheck = 0500;
				ORGANIZATIONNAME = FabNeeraj;
				TargetAttributes = {
					82240D2A187BA33F00C05037 = {
						TestTargetID = 82240D06187BA33E00C05037;
					};
				};
			};
			buildConfigurationList = 82240D02187BA33E00C05037 /* Build configuration list for PBXProject "SampleiOSProject" */;
			compatibilityVersion = "Xcode 3.2";
			developmentRegion = English;
			hasScannedForEncodings = 0;
			knownRegions = (
				en,
				Base,
			);
			mainGroup = 82240CFE187BA33E00C05037;
			productRefGroup = 82240D08187BA33E00C05037 /* Products */;
			projectDirPath = "";
			projectRoot = "";
			targets = (
				82240D06187BA33E00C05037 /* SampleiOSProject */,
				82240D2A187BA33F00C05037 /* SampleiOSProjectTests */,
			);
		};
/* End PBXProject section */

/* Begin PBXResourcesBuildPhase section */
		82240D05187BA33E00C05037 /* Resources */ = {
			isa = PBXResourcesBuildPhase;
			buildActionMask = 2147483647;
			files = (
				82240D26187BA33E00C05037 /* Images.xcassets in Resources */,
				82240D15187BA33E00C05037 /* InfoPlist.strings in Resources */,
				82240D1E187BA33E00C05037 /* Main.storyboard in Resources */,
			);
			runOnlyForDeploymentPostprocessing = 0;
		};
		82240D29187BA33F00C05037 /* Resources */ = {
			isa = PBXResourcesBuildPhase;
			buildActionMask = 2147483647;
			files = (
				82240D37187BA33F00C05037 /* InfoPlist.strings in Resources */,
			);
			runOnlyForDeploymentPostprocessing = 0;
		};
/* End PBXResourcesBuildPhase section */

/* Begin PBXSourcesBuildPhase section */
		82240D03187BA33E00C05037 /* Sources */ = {
			isa = PBXSourcesBuildPhase;
			buildActionMask = 2147483647;
			files = (
				82240D1B187BA33E00C05037 /* AppDelegate.m in Sources */,
				82240D21187BA33E00C05037 /* MasterViewController.m in Sources */,
				82240D17187BA33E00C05037 /* main.m in Sources */,
				82240D24187BA33E00C05037 /* DetailViewController.m in Sources */,
			);
			runOnlyForDeploymentPostprocessing = 0;
		};
		82240D27187BA33F00C05037 /* Sources */ = {
			isa = PBXSourcesBuildPhase;
			buildActionMask = 2147483647;
			files = (
				82240D39187BA33F00C05037 /* SampleiOSProjectTests.m in Sources */,
			);
			runOnlyForDeploymentPostprocessing = 0;
		};
/* End PBXSourcesBuildPhase section */

/* Begin PBXTargetDependency section */
		82240D31187BA33F00C05037 /* PBXTargetDependency */ = {
			isa = PBXTargetDependency;
			target = 82240D06187BA33E00C05037 /* SampleiOSProject */;
			targetProxy = 82240D30187BA33F00C05037 /* PBXContainerItemProxy */;
		};
/* End PBXTargetDependency section */

/* Begin PBXVariantGroup section */
		82240D13187BA33E00C05037 /* InfoPlist.strings */ = {
			isa = PBXVariantGroup;
			children = (
				82240D14187BA33E00C05037 /* en */,
			);
			name = InfoPlist.strings;
			sourceTree = "<group>";
		};
		82240D1C187BA33E00C05037 /* Main.storyboard */ = {
			isa = PBXVariantGroup;
			children = (
				82240D1D187BA33E00C05037 /* Base */,
			);
			name = Main.storyboard;
			sourceTree = "<group>";
		};
		82240D35187BA33F00C05037 /* InfoPlist.strings */ = {
			isa = PBXVariantGroup;
			children = (
				82240D36187BA33F00C05037 /* en */,
			);
			name = InfoPlist.strings;
			sourceTree = "<group>";
		};
/* End PBXVariantGroup section */

/* Begin XCBuildConfiguration section */
		82240D3A187BA33F00C05037 /* Debug */ = {
			isa = XCBuildConfiguration;
			buildSettings = {
				ALWAYS_SEARCH_USER_PATHS = NO;
				ARCHS = "$(ARCHS_STANDARD_INCLUDING_64_BIT)";
				CLANG_CXX_LANGUAGE_STANDARD = "gnu++0x";
				CLANG_CXX_LIBRARY = "libc++";
				CLANG_ENABLE_MODULES = YES;
				CLANG_ENABLE_OBJC_ARC = YES;
				CLANG_WARN_BOOL_CONVERSION = YES;
				CLANG_WARN_CONSTANT_CONVERSION = YES;
				CLANG_WARN_DIRECT_OBJC_ISA_USAGE = YES_ERROR;
				CLANG_WARN_EMPTY_BODY = YES;
				CLANG_WARN_ENUM_CONVERSION = YES;
				CLANG_WARN_INT_CONVERSION = YES;
				CLANG_WARN_OBJC_ROOT_CLASS = YES_ERROR;
				CLANG_WARN__DUPLICATE_METHOD_MATCH = YES;
				"CODE_SIGN_IDENTITY[sdk=iphoneos*]" = "iPhone Developer";
				COPY_PHASE_STRIP = NO;
				GCC_C_LANGUAGE_STANDARD = gnu99;
				GCC_DYNAMIC_NO_PIC = NO;
				GCC_OPTIMIZATION_LEVEL = 0;
				GCC_PREPROCESSOR_DEFINITIONS = (
					"DEBUG=1",
					"$(inherited)",
				);
				GCC_SYMBOLS_PRIVATE_EXTERN = NO;
				GCC_WARN_64_TO_32_BIT_CONVERSION = YES;
				GCC_WARN_ABOUT_RETURN_TYPE = YES_ERROR;
				GCC_WARN_UNDECLARED_SELECTOR = YES;
				GCC_WARN_UNINITIALIZED_AUTOS = YES;
				GCC_WARN_UNUSED_FUNCTION = YES;
				GCC_WARN_UNUSED_VARIABLE = YES;
				IPHONEOS_DEPLOYMENT_TARGET = 7.0;
				ONLY_ACTIVE_ARCH = YES;
				SDKROOT = iphoneos;
			};
			name = Debug;
		};
		82240D3B187BA33F00C05037 /* Release */ = {
			isa = XCBuildConfiguration;
			buildSettings = {
				ALWAYS_SEARCH_USER_PATHS = NO;
				ARCHS = "$(ARCHS_STANDARD_INCLUDING_64_BIT)";
				CLANG_CXX_LANGUAGE_STANDARD = "gnu++0x";
				CLANG_CXX_LIBRARY = "libc++";
				CLANG_ENABLE_MODULES = YES;
				CLANG_ENABLE_OBJC_ARC = YES;
				CLANG_WARN_BOOL_CONVERSION = YES;
				CLANG_WARN_CONSTANT_CONVERSION = YES;
				CLANG_WARN_DIRECT_OBJC_ISA_USAGE = YES_ERROR;
				CLANG_WARN_EMPTY_BODY = YES;
				CLANG_WARN_ENUM_CONVERSION = YES;
				CLANG_WARN_INT_CONVERSION = YES;
				CLANG_WARN_OBJC_ROOT_CLASS = YES_ERROR;
				CLANG_WARN__DUPLICATE_METHOD_MATCH = YES;
				"CODE_SIGN_IDENTITY[sdk=iphoneos*]" = "iPhone Developer";
				COPY_PHASE_STRIP = YES;
				ENABLE_NS_ASSERTIONS = NO;
				GCC_C_LANGUAGE_STANDARD = gnu99;
				GCC_WARN_64_TO_32_BIT_CONVERSION = YES;
				GCC_WARN_ABOUT_RETURN_TYPE = YES_ERROR;
				GCC_WARN_UNDECLARED_SELECTOR = YES;
				GCC_WARN_UNINITIALIZED_AUTOS = YES;
				GCC_WARN_UNUSED_FUNCTION = YES;
				GCC_WARN_UNUSED_VARIABLE = YES;
				IPHONEOS_DEPLOYMENT_TARGET = 7.0;
				SDKROOT = iphoneos;
				VALIDATE_PRODUCT = YES;
			};
			name = Release;
		};
		82240D3D187BA33F00C05037 /* Debug */ = {
			isa = XCBuildConfiguration;
			buildSettings = {
				ASSETCATALOG_COMPILER_APPICON_NAME = AppIcon;
				ASSETCATALOG_COMPILER_LAUNCHIMAGE_NAME = LaunchImage;
				GCC_PRECOMPILE_PREFIX_HEADER = YES;
				GCC_PREFIX_HEADER = "SampleiOSProject/SampleiOSProject-Prefix.pch";
				INFOPLIST_FILE = "SampleiOSProject/SampleiOSProject-Info.plist";
				PRODUCT_NAME = "$(TARGET_NAME)";
				WRAPPER_EXTENSION = app;
			};
			name = Debug;
		};
		82240D3E187BA33F00C05037 /* Release */ = {
			isa = XCBuildConfiguration;
			buildSettings = {
				ASSETCATALOG_COMPILER_APPICON_NAME = AppIcon;
				ASSETCATALOG_COMPILER_LAUNCHIMAGE_NAME = LaunchImage;
				GCC_PRECOMPILE_PREFIX_HEADER = YES;
				GCC_PREFIX_HEADER = "SampleiOSProject/SampleiOSProject-Prefix.pch";
				INFOPLIST_FILE = "SampleiOSProject/SampleiOSProject-Info.plist";
				PRODUCT_NAME = "$(TARGET_NAME)";
				WRAPPER_EXTENSION = app;
			};
			name = Release;
		};
		82240D40187BA33F00C05037 /* Debug */ = {
			isa = XCBuildConfiguration;
			buildSettings = {
				ARCHS = "$(ARCHS_STANDARD_INCLUDING_64_BIT)";
				BUNDLE_LOADER = "$(BUILT_PRODUCTS_DIR)/SampleiOSProject.app/SampleiOSProject";
				FRAMEWORK_SEARCH_PATHS = (
					"$(SDKROOT)/Developer/Library/Frameworks",
					"$(inherited)",
					"$(DEVELOPER_FRAMEWORKS_DIR)",
				);
				GCC_PRECOMPILE_PREFIX_HEADER = YES;
				GCC_PREFIX_HEADER = "SampleiOSProject/SampleiOSProject-Prefix.pch";
				GCC_PREPROCESSOR_DEFINITIONS = (
					"DEBUG=1",
					"$(inherited)",
				);
				INFOPLIST_FILE = "SampleiOSProjectTests/SampleiOSProjectTests-Info.plist";
				PRODUCT_NAME = "$(TARGET_NAME)";
				TEST_HOST = "$(BUNDLE_LOADER)";
				WRAPPER_EXTENSION = xctest;
			};
			name = Debug;
		};
		82240D41187BA33F00C05037 /* Release */ = {
			isa = XCBuildConfiguration;
			buildSettings = {
				ARCHS = "$(ARCHS_STANDARD_INCLUDING_64_BIT)";
				BUNDLE_LOADER = "$(BUILT_PRODUCTS_DIR)/SampleiOSProject.app/SampleiOSProject";
				FRAMEWORK_SEARCH_PATHS = (
					"$(SDKROOT)/Developer/Library/Frameworks",
					"$(inherited)",
					"$(DEVELOPER_FRAMEWORKS_DIR)",
				);
				GCC_PRECOMPILE_PREFIX_HEADER = YES;
				GCC_PREFIX_HEADER = "SampleiOSProject/SampleiOSProject-Prefix.pch";
				INFOPLIST_FILE = "SampleiOSProjectTests/SampleiOSProjectTests-Info.plist";
				PRODUCT_NAME = "$(TARGET_NAME)";
				TEST_HOST = "$(BUNDLE_LOADER)";
				WRAPPER_EXTENSION = xctest;
			};
			name = Release;
		};
/* End XCBuildConfiguration section */

/* Begin XCConfigurationList section */
		82240D02187BA33E00C05037 /* Build configuration list for PBXProject "SampleiOSProject" */ = {
			isa = XCConfigurationList;
			buildConfigurations = (
				82240D3A187BA33F00C05037 /* Debug */,
				82240D3B187BA33F00C05037 /* Release */,
			);
			defaultConfigurationIsVisible = 0;
			defaultConfigurationName = Release;
		};
		82240D3C187BA33F00C05037 /* Build configuration list for PBXNativeTarget "SampleiOSProject" */ = {
			isa = XCConfigurationList;
			buildConfigurations = (
				82240D3D187BA33F00C05037 /* Debug */,
				82240D3E187BA33F00C05037 /* Release */,
			);
			defaultConfigurationIsVisible = 0;
		};
		82240D3F187BA33F00C05037 /* Build configuration list for PBXNativeTarget "SampleiOSProjectTests" */ = {
			isa = XCConfigurationList;
			buildConfigurations = (
				82240D40187BA33F00C05037 /* Debug */,
				82240D41187BA33F00C05037 /* Release */,
			);
			defaultConfigurationIsVisible = 0;
		};
/* End XCConfigurationList section */
	};
	rootObject = 82240CFF187BA33E00C05037 /* Project object */;
}
